
Microsoft Visual Studio Solution File, Format Version 12.00
# Visual Studio Version 17
VisualStudioVersion = 17.10.35013.160
MinimumVisualStudioVersion = 10.0.40219.1
Project("{FAE04EC0-301F-11D3-BF4B-00C04F79EFBC}") = "Cv_insano", "Cv_insano.csproj", "{B2F54687-3776-4122-A92A-37031C2E707D}"
EndProject
Global
	GlobalSection(SolutionConfigurationPlatforms) = preSolution
		Debug|Any CPU = Debug|Any CPU
		Release|Any CPU = Release|Any CPU
	EndGlobalSection
	GlobalSection(ProjectConfigurationPlatforms) = postSolution
		{B2F54687-3776-4122-A92A-37031C2E707D}.Debug|Any CPU.ActiveCfg = Debug|Any CPU
		{B2F54687-3776-4122-A92A-37031C2E707D}.Debug|Any CPU.Build.0 = Debug|Any CPU
		{B2F54687-3776-4122-A92A-37031C2E707D}.Debug|Any CPU.Deploy.0 = Debug|Any CPU
		{B2F54687-3776-4122-A92A-37031C2E707D}.Release|Any CPU.ActiveCfg = Release|Any CPU
		{B2F54687-3776-4122-A92A-37031C2E707D}.Release|Any CPU.Build.0 = Release|Any CPU
		{B2F54687-3776-4122-A92A-37031C2E707D}.Release|Any CPU.Deploy.0 = Release|Any CPU
	EndGlobalSection
	GlobalSection(SolutionProperties) = preSolution
		HideSolutionNode = FALSE
	EndGlobalSection
	GlobalSection(ExtensibilityGlobals) = postSolution
		SolutionGuid = {557ED318-7EB0-4FF6-92EB-547258382EFB}
	EndGlobalSection
EndGlobal
